
Microsoft Visual Studio Solution File, Format Version 12.00
# Visual Studio Version 17
VisualStudioVersion = 17.9.34728.123
MinimumVisualStudioVersion = 10.0.40219.1
Project("{9A19103F-16F7-4668-BE54-9A1E7A4F7556}") = "TaskApp", "Task\TaskApp.csproj", "{3B81ED5D-ADB3-411E-A028-F1F1648A71CB}"
EndProject
Global
	GlobalSection(SolutionConfigurationPlatforms) = preSolution
		Debug|Any CPU = Debug|Any CPU
		Release|Any CPU = Release|Any CPU
	EndGlobalSection
	GlobalSection(ProjectConfigurationPlatforms) = postSolution
		{3B81ED5D-ADB3-411E-A028-F1F1648A71CB}.Debug|Any CPU.ActiveCfg = Debug|Any CPU
		{3B81ED5D-ADB3-411E-A028-F1F1648A71CB}.Debug|Any CPU.Build.0 = Debug|Any CPU
		{3B81ED5D-ADB3-411E-A028-F1F1648A71CB}.Release|Any CPU.ActiveCfg = Release|Any CPU
		{3B81ED5D-ADB3-411E-A028-F1F1648A71CB}.Release|Any CPU.Build.0 = Release|Any CPU
	EndGlobalSection
	GlobalSection(SolutionProperties) = preSolution
		HideSolutionNode = FALSE
	EndGlobalSection
	GlobalSection(ExtensibilityGlobals) = postSolution
		SolutionGuid = {F79EAD98-A582-48E9-AB86-95ED7DA612D8}
	EndGlobalSection
EndGlobal
